
Microsoft Visual Studio Solution File, Format Version 12.00
# Visual Studio Version 16
VisualStudioVersion = 16.0.30907.101
MinimumVisualStudioVersion = 10.0.40219.1
Project("{FAE04EC0-301F-11D3-BF4B-00C04F79EFBC}") = "П2", "П2.csproj", "{02A0511D-A903-48B9-A2AC-D101439580E4}"
EndProject
Global
	GlobalSection(SolutionConfigurationPlatforms) = preSolution
		Debug|Any CPU = Debug|Any CPU
		Release|Any CPU = Release|Any CPU
	EndGlobalSection
	GlobalSection(ProjectConfigurationPlatforms) = postSolution
		{02A0511D-A903-48B9-A2AC-D101439580E4}.Debug|Any CPU.ActiveCfg = Debug|Any CPU
		{02A0511D-A903-48B9-A2AC-D101439580E4}.Debug|Any CPU.Build.0 = Debug|Any CPU
		{02A0511D-A903-48B9-A2AC-D101439580E4}.Release|Any CPU.ActiveCfg = Release|Any CPU
		{02A0511D-A903-48B9-A2AC-D101439580E4}.Release|Any CPU.Build.0 = Release|Any CPU
	EndGlobalSection
	GlobalSection(SolutionProperties) = preSolution
		HideSolutionNode = FALSE
	EndGlobalSection
	GlobalSection(ExtensibilityGlobals) = postSolution
		SolutionGuid = {DF24F48D-A960-48B2-AE24-C53D3873BE2F}
	EndGlobalSection
EndGlobal
